
Microsoft Visual Studio Solution File, Format Version 12.00
# Visual Studio Version 16
VisualStudioVersion = 16.0.30320.27
MinimumVisualStudioVersion = 10.0.40219.1
Project("{F184B08F-C81C-45F6-A57F-5ABD9991F28F}") = "Conversor del Tiempo", "Conversor del Tiempo\Conversor del Tiempo.vbproj", "{F0455995-AD61-4125-B812-87C2BFD0F76F}"
EndProject
Global
	GlobalSection(SolutionConfigurationPlatforms) = preSolution
		Debug|Any CPU = Debug|Any CPU
		Release|Any CPU = Release|Any CPU
	EndGlobalSection
	GlobalSection(ProjectConfigurationPlatforms) = postSolution
		{F0455995-AD61-4125-B812-87C2BFD0F76F}.Debug|Any CPU.ActiveCfg = Debug|Any CPU
		{F0455995-AD61-4125-B812-87C2BFD0F76F}.Debug|Any CPU.Build.0 = Debug|Any CPU
		{F0455995-AD61-4125-B812-87C2BFD0F76F}.Release|Any CPU.ActiveCfg = Release|Any CPU
		{F0455995-AD61-4125-B812-87C2BFD0F76F}.Release|Any CPU.Build.0 = Release|Any CPU
	EndGlobalSection
	GlobalSection(SolutionProperties) = preSolution
		HideSolutionNode = FALSE
	EndGlobalSection
	GlobalSection(ExtensibilityGlobals) = postSolution
		SolutionGuid = {D678B1D9-CDF8-43F1-BC35-752AAD973072}
	EndGlobalSection
EndGlobal
