
Microsoft Visual Studio Solution File, Format Version 12.00
# Visual Studio Version 16
VisualStudioVersion = 16.0.30320.27
MinimumVisualStudioVersion = 10.0.40219.1
Project("{F184B08F-C81C-45F6-A57F-5ABD9991F28F}") = "Convertidor semanal", "Convertidor semanal\Convertidor semanal.vbproj", "{9CC2D491-C68B-45DB-A953-1EC9AD6E0947}"
EndProject
Global
	GlobalSection(SolutionConfigurationPlatforms) = preSolution
		Debug|Any CPU = Debug|Any CPU
		Release|Any CPU = Release|Any CPU
	EndGlobalSection
	GlobalSection(ProjectConfigurationPlatforms) = postSolution
		{9CC2D491-C68B-45DB-A953-1EC9AD6E0947}.Debug|Any CPU.ActiveCfg = Debug|Any CPU
		{9CC2D491-C68B-45DB-A953-1EC9AD6E0947}.Debug|Any CPU.Build.0 = Debug|Any CPU
		{9CC2D491-C68B-45DB-A953-1EC9AD6E0947}.Release|Any CPU.ActiveCfg = Release|Any CPU
		{9CC2D491-C68B-45DB-A953-1EC9AD6E0947}.Release|Any CPU.Build.0 = Release|Any CPU
	EndGlobalSection
	GlobalSection(SolutionProperties) = preSolution
		HideSolutionNode = FALSE
	EndGlobalSection
	GlobalSection(ExtensibilityGlobals) = postSolution
		SolutionGuid = {7A8B7526-515F-45F0-8D98-753724B72813}
	EndGlobalSection
EndGlobal
